
Microsoft Visual Studio Solution File, Format Version 12.00
# Visual Studio Version 17
VisualStudioVersion = 17.3.32901.215
MinimumVisualStudioVersion = 10.0.40219.1
Project("{FAE04EC0-301F-11D3-BF4B-00C04F79EFBC}") = "Program", "Program\Program.csproj", "{BDBADCDF-FE11-444E-B511-D595F73297A6}"
EndProject
Global
	GlobalSection(SolutionConfigurationPlatforms) = preSolution
		Debug|Any CPU = Debug|Any CPU
		Release|Any CPU = Release|Any CPU
	EndGlobalSection
	GlobalSection(ProjectConfigurationPlatforms) = postSolution
		{BDBADCDF-FE11-444E-B511-D595F73297A6}.Debug|Any CPU.ActiveCfg = Debug|Any CPU
		{BDBADCDF-FE11-444E-B511-D595F73297A6}.Debug|Any CPU.Build.0 = Debug|Any CPU
		{BDBADCDF-FE11-444E-B511-D595F73297A6}.Release|Any CPU.ActiveCfg = Release|Any CPU
		{BDBADCDF-FE11-444E-B511-D595F73297A6}.Release|Any CPU.Build.0 = Release|Any CPU
	EndGlobalSection
	GlobalSection(SolutionProperties) = preSolution
		HideSolutionNode = FALSE
	EndGlobalSection
	GlobalSection(ExtensibilityGlobals) = postSolution
		SolutionGuid = {C329248D-6C72-462F-976F-0FFF21A4F8E7}
	EndGlobalSection
EndGlobal
