
Microsoft Visual Studio Solution File, Format Version 12.00
# Visual Studio Version 17
VisualStudioVersion = 17.3.32901.215
MinimumVisualStudioVersion = 10.0.40219.1
Project("{FAE04EC0-301F-11D3-BF4B-00C04F79EFBC}") = "ServidorHora", "ServidorHora\ServidorHora.csproj", "{9DFC9582-5148-43BC-8255-E91D680B4F41}"
EndProject
Global
	GlobalSection(SolutionConfigurationPlatforms) = preSolution
		Debug|Any CPU = Debug|Any CPU
		Release|Any CPU = Release|Any CPU
	EndGlobalSection
	GlobalSection(ProjectConfigurationPlatforms) = postSolution
		{9DFC9582-5148-43BC-8255-E91D680B4F41}.Debug|Any CPU.ActiveCfg = Debug|Any CPU
		{9DFC9582-5148-43BC-8255-E91D680B4F41}.Debug|Any CPU.Build.0 = Debug|Any CPU
		{9DFC9582-5148-43BC-8255-E91D680B4F41}.Release|Any CPU.ActiveCfg = Release|Any CPU
		{9DFC9582-5148-43BC-8255-E91D680B4F41}.Release|Any CPU.Build.0 = Release|Any CPU
	EndGlobalSection
	GlobalSection(SolutionProperties) = preSolution
		HideSolutionNode = FALSE
	EndGlobalSection
	GlobalSection(ExtensibilityGlobals) = postSolution
		SolutionGuid = {DA313AE2-2055-4760-B719-A30B93B03006}
	EndGlobalSection
EndGlobal
